
Microsoft Visual Studio Solution File, Format Version 12.00
# Visual Studio Version 17
VisualStudioVersion = 17.10.34916.146
MinimumVisualStudioVersion = 10.0.40219.1
Project("{FAE04EC0-301F-11D3-BF4B-00C04F79EFBC}") = "MusicPlayer", "MusicPlayer\MusicPlayer.csproj", "{970FB1AC-7F8C-40EB-BA38-D2A84BEFA0B1}"
EndProject
Global
	GlobalSection(SolutionConfigurationPlatforms) = preSolution
		Debug|Any CPU = Debug|Any CPU
		Release|Any CPU = Release|Any CPU
	EndGlobalSection
	GlobalSection(ProjectConfigurationPlatforms) = postSolution
		{970FB1AC-7F8C-40EB-BA38-D2A84BEFA0B1}.Debug|Any CPU.ActiveCfg = Debug|Any CPU
		{970FB1AC-7F8C-40EB-BA38-D2A84BEFA0B1}.Debug|Any CPU.Build.0 = Debug|Any CPU
		{970FB1AC-7F8C-40EB-BA38-D2A84BEFA0B1}.Release|Any CPU.ActiveCfg = Release|Any CPU
		{970FB1AC-7F8C-40EB-BA38-D2A84BEFA0B1}.Release|Any CPU.Build.0 = Release|Any CPU
	EndGlobalSection
	GlobalSection(SolutionProperties) = preSolution
		HideSolutionNode = FALSE
	EndGlobalSection
	GlobalSection(ExtensibilityGlobals) = postSolution
		SolutionGuid = {64D0BF16-B092-44FC-9235-C6C7EEA197A5}
	EndGlobalSection
EndGlobal
